
Microsoft Visual Studio Solution File, Format Version 12.00
# Visual Studio Version 16
VisualStudioVersion = 16.0.30406.217
MinimumVisualStudioVersion = 10.0.40219.1
Project("{8BC9CEB8-8B4A-11D0-8D11-00A0C91BC942}") = "ProFun Week1.1", "ProFun Week1.1\ProFun Week1.1.vcxproj", "{64BEBBB5-1B5E-4DA2-9791-77AF0A7A1B46}"
EndProject
Global
	GlobalSection(SolutionConfigurationPlatforms) = preSolution
		Debug|x64 = Debug|x64
		Debug|x86 = Debug|x86
		Release|x64 = Release|x64
		Release|x86 = Release|x86
	EndGlobalSection
	GlobalSection(ProjectConfigurationPlatforms) = postSolution
		{64BEBBB5-1B5E-4DA2-9791-77AF0A7A1B46}.Debug|x64.ActiveCfg = Debug|x64
		{64BEBBB5-1B5E-4DA2-9791-77AF0A7A1B46}.Debug|x64.Build.0 = Debug|x64
		{64BEBBB5-1B5E-4DA2-9791-77AF0A7A1B46}.Debug|x86.ActiveCfg = Debug|Win32
		{64BEBBB5-1B5E-4DA2-9791-77AF0A7A1B46}.Debug|x86.Build.0 = Debug|Win32
		{64BEBBB5-1B5E-4DA2-9791-77AF0A7A1B46}.Release|x64.ActiveCfg = Release|x64
		{64BEBBB5-1B5E-4DA2-9791-77AF0A7A1B46}.Release|x64.Build.0 = Release|x64
		{64BEBBB5-1B5E-4DA2-9791-77AF0A7A1B46}.Release|x86.ActiveCfg = Release|Win32
		{64BEBBB5-1B5E-4DA2-9791-77AF0A7A1B46}.Release|x86.Build.0 = Release|Win32
	EndGlobalSection
	GlobalSection(SolutionProperties) = preSolution
		HideSolutionNode = FALSE
	EndGlobalSection
	GlobalSection(ExtensibilityGlobals) = postSolution
		SolutionGuid = {30D2BD75-9C10-4F2B-AD1C-1DB9602E06A8}
	EndGlobalSection
EndGlobal
